Microsoft Visual Studio Solution File, Format Version 11.00
# Visual Studio 2010
Project("{FAE04EC0-301F-11D3-BF4B-00C04F79EFBC}") = "Assembly-CSharp", "Assembly-CSharp.csproj", "{80074CD5-D16C-F073-EF48-03FD3ADE887B}"
EndProject
Project("{FAE04EC0-301F-11D3-BF4B-00C04F79EFBC}") = "Assembly-CSharp-Editor", "Assembly-CSharp-Editor.csproj", "{CDAF7E64-FA59-F7E7-A971-8EB949BF6AA6}"
EndProject
Global
	GlobalSection(SolutionConfigurationPlatforms) = preSolution
		Debug|Any CPU = Debug|Any CPU
		Release|Any CPU = Release|Any CPU
	EndGlobalSection
	GlobalSection(ProjectConfigurationPlatforms) = postSolution
		{80074CD5-D16C-F073-EF48-03FD3ADE887B}.Debug|Any CPU.ActiveCfg = Debug|Any CPU
		{80074CD5-D16C-F073-EF48-03FD3ADE887B}.Debug|Any CPU.Build.0 = Debug|Any CPU
		{80074CD5-D16C-F073-EF48-03FD3ADE887B}.Release|Any CPU.ActiveCfg = Release|Any CPU
		{80074CD5-D16C-F073-EF48-03FD3ADE887B}.Release|Any CPU.Build.0 = Release|Any CPU
		{CDAF7E64-FA59-F7E7-A971-8EB949BF6AA6}.Debug|Any CPU.ActiveCfg = Debug|Any CPU
		{CDAF7E64-FA59-F7E7-A971-8EB949BF6AA6}.Debug|Any CPU.Build.0 = Debug|Any CPU
		{CDAF7E64-FA59-F7E7-A971-8EB949BF6AA6}.Release|Any CPU.ActiveCfg = Release|Any CPU
		{CDAF7E64-FA59-F7E7-A971-8EB949BF6AA6}.Release|Any CPU.Build.0 = Release|Any CPU
	EndGlobalSection
	GlobalSection(SolutionProperties) = preSolution
		HideSolutionNode = FALSE
	EndGlobalSection
EndGlobal
